
Microsoft Visual Studio Solution File, Format Version 12.00
# Visual Studio Version 16
VisualStudioVersion = 16.0.31205.134
MinimumVisualStudioVersion = 10.0.40219.1
Project("{FAE04EC0-301F-11D3-BF4B-00C04F79EFBC}") = "RESTfulWebApplication", "RESTfulWebApplication\RESTfulWebApplication.csproj", "{DDED0209-402F-48AF-9157-2A88FE9CC0BF}"
EndProject
Global
	GlobalSection(SolutionConfigurationPlatforms) = preSolution
		Debug|Any CPU = Debug|Any CPU
		Release|Any CPU = Release|Any CPU
	EndGlobalSection
	GlobalSection(ProjectConfigurationPlatforms) = postSolution
		{DDED0209-402F-48AF-9157-2A88FE9CC0BF}.Debug|Any CPU.ActiveCfg = Debug|Any CPU
		{DDED0209-402F-48AF-9157-2A88FE9CC0BF}.Debug|Any CPU.Build.0 = Debug|Any CPU
		{DDED0209-402F-48AF-9157-2A88FE9CC0BF}.Release|Any CPU.ActiveCfg = Release|Any CPU
		{DDED0209-402F-48AF-9157-2A88FE9CC0BF}.Release|Any CPU.Build.0 = Release|Any CPU
	EndGlobalSection
	GlobalSection(SolutionProperties) = preSolution
		HideSolutionNode = FALSE
	EndGlobalSection
	GlobalSection(ExtensibilityGlobals) = postSolution
		SolutionGuid = {0F5B7644-AA89-4BA3-92EA-3D7E4B0F0A82}
	EndGlobalSection
EndGlobal
